
Microsoft Visual Studio Solution File, Format Version 12.00
# Visual Studio 15
VisualStudioVersion = 15.0.35714.111
MinimumVisualStudioVersion = 10.0.40219.1
Project("{FAE04EC0-301F-11D3-BF4B-00C04F79EFBC}") = "EntidadesCs", "EntidadesCs\EntidadesCs.csproj", "{5D47CA4C-0FE1-4AC0-81CF-54C6E323252F}"
EndProject
Project("{FAE04EC0-301F-11D3-BF4B-00C04F79EFBC}") = "DemoCs", "DemoCs\DemoCs.csproj", "{C066C5E3-59A9-4B18-AD83-29AAB36C8059}"
EndProject
Global
	GlobalSection(SolutionConfigurationPlatforms) = preSolution
		Debug|Any CPU = Debug|Any CPU
		Release|Any CPU = Release|Any CPU
	EndGlobalSection
	GlobalSection(ProjectConfigurationPlatforms) = postSolution
		{5D47CA4C-0FE1-4AC0-81CF-54C6E323252F}.Debug|Any CPU.ActiveCfg = Debug|Any CPU
		{5D47CA4C-0FE1-4AC0-81CF-54C6E323252F}.Debug|Any CPU.Build.0 = Debug|Any CPU
		{5D47CA4C-0FE1-4AC0-81CF-54C6E323252F}.Release|Any CPU.ActiveCfg = Release|Any CPU
		{5D47CA4C-0FE1-4AC0-81CF-54C6E323252F}.Release|Any CPU.Build.0 = Release|Any CPU
		{C066C5E3-59A9-4B18-AD83-29AAB36C8059}.Debug|Any CPU.ActiveCfg = Debug|Any CPU
		{C066C5E3-59A9-4B18-AD83-29AAB36C8059}.Debug|Any CPU.Build.0 = Debug|Any CPU
		{C066C5E3-59A9-4B18-AD83-29AAB36C8059}.Release|Any CPU.ActiveCfg = Release|Any CPU
		{C066C5E3-59A9-4B18-AD83-29AAB36C8059}.Release|Any CPU.Build.0 = Release|Any CPU
	EndGlobalSection
	GlobalSection(SolutionProperties) = preSolution
		HideSolutionNode = FALSE
	EndGlobalSection
	GlobalSection(ExtensibilityGlobals) = postSolution
		SolutionGuid = {76A3B475-1AFF-4023-87D0-25B004300249}
	EndGlobalSection
EndGlobal
